
Microsoft Visual Studio Solution File, Format Version 12.00
# Visual Studio Version 16
VisualStudioVersion = 16.0.31702.278
MinimumVisualStudioVersion = 10.0.40219.1
Project("{8BC9CEB8-8B4A-11D0-8D11-00A0C91BC942}") = "linear_array", "linear_array\linear_array.vcxproj", "{40534F32-2EC1-4FE1-BA1B-95E67027F7AA}"
EndProject
Global
	GlobalSection(SolutionConfigurationPlatforms) = preSolution
		Debug|x64 = Debug|x64
		Debug|x86 = Debug|x86
		Release|x64 = Release|x64
		Release|x86 = Release|x86
	EndGlobalSection
	GlobalSection(ProjectConfigurationPlatforms) = postSolution
		{40534F32-2EC1-4FE1-BA1B-95E67027F7AA}.Debug|x64.ActiveCfg = Debug|x64
		{40534F32-2EC1-4FE1-BA1B-95E67027F7AA}.Debug|x64.Build.0 = Debug|x64
		{40534F32-2EC1-4FE1-BA1B-95E67027F7AA}.Debug|x86.ActiveCfg = Debug|Win32
		{40534F32-2EC1-4FE1-BA1B-95E67027F7AA}.Debug|x86.Build.0 = Debug|Win32
		{40534F32-2EC1-4FE1-BA1B-95E67027F7AA}.Release|x64.ActiveCfg = Release|x64
		{40534F32-2EC1-4FE1-BA1B-95E67027F7AA}.Release|x64.Build.0 = Release|x64
		{40534F32-2EC1-4FE1-BA1B-95E67027F7AA}.Release|x86.ActiveCfg = Release|Win32
		{40534F32-2EC1-4FE1-BA1B-95E67027F7AA}.Release|x86.Build.0 = Release|Win32
	EndGlobalSection
	GlobalSection(SolutionProperties) = preSolution
		HideSolutionNode = FALSE
	EndGlobalSection
	GlobalSection(ExtensibilityGlobals) = postSolution
		SolutionGuid = {6BE25D1D-22DB-43DA-AEF2-9A550B124F14}
	EndGlobalSection
EndGlobal
