
Microsoft Visual Studio Solution File, Format Version 12.00
# Visual Studio Version 16
VisualStudioVersion = 16.0.31702.278
MinimumVisualStudioVersion = 10.0.40219.1
Project("{8BC9CEB8-8B4A-11D0-8D11-00A0C91BC942}") = "chess", "chess\chess.vcxproj", "{077622AA-DB20-47DA-A36D-C95C20725055}"
EndProject
Global
	GlobalSection(SolutionConfigurationPlatforms) = preSolution
		Debug|x64 = Debug|x64
		Debug|x86 = Debug|x86
		Release|x64 = Release|x64
		Release|x86 = Release|x86
	EndGlobalSection
	GlobalSection(ProjectConfigurationPlatforms) = postSolution
		{077622AA-DB20-47DA-A36D-C95C20725055}.Debug|x64.ActiveCfg = Debug|x64
		{077622AA-DB20-47DA-A36D-C95C20725055}.Debug|x64.Build.0 = Debug|x64
		{077622AA-DB20-47DA-A36D-C95C20725055}.Debug|x86.ActiveCfg = Debug|Win32
		{077622AA-DB20-47DA-A36D-C95C20725055}.Debug|x86.Build.0 = Debug|Win32
		{077622AA-DB20-47DA-A36D-C95C20725055}.Release|x64.ActiveCfg = Release|x64
		{077622AA-DB20-47DA-A36D-C95C20725055}.Release|x64.Build.0 = Release|x64
		{077622AA-DB20-47DA-A36D-C95C20725055}.Release|x86.ActiveCfg = Release|Win32
		{077622AA-DB20-47DA-A36D-C95C20725055}.Release|x86.Build.0 = Release|Win32
	EndGlobalSection
	GlobalSection(SolutionProperties) = preSolution
		HideSolutionNode = FALSE
	EndGlobalSection
	GlobalSection(ExtensibilityGlobals) = postSolution
		SolutionGuid = {9F6729C8-CD7B-4BB3-9F4E-C329A47B3CD1}
	EndGlobalSection
EndGlobal
