
Microsoft Visual Studio Solution File, Format Version 12.00
# Visual Studio Version 17
VisualStudioVersion = 17.3.32929.385
MinimumVisualStudioVersion = 10.0.40219.1
Project("{8BC9CEB8-8B4A-11D0-8D11-00A0C91BC942}") = "graphs", "graphs\graphs.vcxproj", "{82DF9CD6-BE5F-43C2-939F-133F8B6B3C50}"
EndProject
Global
	GlobalSection(SolutionConfigurationPlatforms) = preSolution
		Debug|x64 = Debug|x64
		Debug|x86 = Debug|x86
		Release|x64 = Release|x64
		Release|x86 = Release|x86
	EndGlobalSection
	GlobalSection(ProjectConfigurationPlatforms) = postSolution
		{82DF9CD6-BE5F-43C2-939F-133F8B6B3C50}.Debug|x64.ActiveCfg = Debug|x64
		{82DF9CD6-BE5F-43C2-939F-133F8B6B3C50}.Debug|x64.Build.0 = Debug|x64
		{82DF9CD6-BE5F-43C2-939F-133F8B6B3C50}.Debug|x86.ActiveCfg = Debug|Win32
		{82DF9CD6-BE5F-43C2-939F-133F8B6B3C50}.Debug|x86.Build.0 = Debug|Win32
		{82DF9CD6-BE5F-43C2-939F-133F8B6B3C50}.Release|x64.ActiveCfg = Release|x64
		{82DF9CD6-BE5F-43C2-939F-133F8B6B3C50}.Release|x64.Build.0 = Release|x64
		{82DF9CD6-BE5F-43C2-939F-133F8B6B3C50}.Release|x86.ActiveCfg = Release|Win32
		{82DF9CD6-BE5F-43C2-939F-133F8B6B3C50}.Release|x86.Build.0 = Release|Win32
	EndGlobalSection
	GlobalSection(SolutionProperties) = preSolution
		HideSolutionNode = FALSE
	EndGlobalSection
	GlobalSection(ExtensibilityGlobals) = postSolution
		SolutionGuid = {6E1F1651-F967-4FE5-834C-E69DFCBB8C14}
	EndGlobalSection
EndGlobal
